
Microsoft Visual Studio Solution File, Format Version 12.00
# Visual Studio Version 17
VisualStudioVersion = 17.0.31611.283
MinimumVisualStudioVersion = 10.0.40219.1
Project("{9A19103F-16F7-4668-BE54-9A1E7A4F7556}") = "PMpanel.wpf", "PMpanel.wpf\PMpanel.wpf.csproj", "{2F15033F-D89B-4337-BB35-04EB563F1C12}"
EndProject
Project("{9A19103F-16F7-4668-BE54-9A1E7A4F7556}") = "PMserver.console", "PMserver.console\PMserver.console.csproj", "{D8A75535-67E0-4FA1-A41E-DBA0EFB9CE7C}"
EndProject
Project("{9A19103F-16F7-4668-BE54-9A1E7A4F7556}") = "DTL", "DTL\DTL.csproj", "{16C95490-E05A-4652-8CDD-A3B10D8CD309}"
EndProject
Project("{2150E333-8FDC-42A3-9474-1A3956D46DE8}") = "Libarys", "Libarys", "{F8E47102-8A7E-43DB-9AC8-32BF130101EC}"
EndProject
Project("{9A19103F-16F7-4668-BE54-9A1E7A4F7556}") = "PMpanel.console", "PMpanel.console\PMpanel.console.csproj", "{51E6F870-66CC-42AB-92D1-27125C761841}"
EndProject
Project("{9A19103F-16F7-4668-BE54-9A1E7A4F7556}") = "Print", "Print\Print.csproj", "{2BC5935E-9833-424D-B07B-2E90F81D49BE}"
EndProject
Project("{2150E333-8FDC-42A3-9474-1A3956D46DE8}") = "Others", "Others", "{CB923AA2-0AD6-46B1-95A9-C7C37A84025C}"
	ProjectSection(SolutionItems) = preProject
		..\..\..\..\..\Users\Christian-WorkStatio\Desktop\Intro.pdf = ..\..\..\..\..\Users\Christian-WorkStatio\Desktop\Intro.pdf
	EndProjectSection
EndProject
Global
	GlobalSection(SolutionConfigurationPlatforms) = preSolution
		Debug|Any CPU = Debug|Any CPU
		Release|Any CPU = Release|Any CPU
	EndGlobalSection
	GlobalSection(ProjectConfigurationPlatforms) = postSolution
		{2F15033F-D89B-4337-BB35-04EB563F1C12}.Debug|Any CPU.ActiveCfg = Debug|Any CPU
		{2F15033F-D89B-4337-BB35-04EB563F1C12}.Debug|Any CPU.Build.0 = Debug|Any CPU
		{2F15033F-D89B-4337-BB35-04EB563F1C12}.Release|Any CPU.ActiveCfg = Release|Any CPU
		{2F15033F-D89B-4337-BB35-04EB563F1C12}.Release|Any CPU.Build.0 = Release|Any CPU
		{D8A75535-67E0-4FA1-A41E-DBA0EFB9CE7C}.Debug|Any CPU.ActiveCfg = Debug|Any CPU
		{D8A75535-67E0-4FA1-A41E-DBA0EFB9CE7C}.Debug|Any CPU.Build.0 = Debug|Any CPU
		{D8A75535-67E0-4FA1-A41E-DBA0EFB9CE7C}.Release|Any CPU.ActiveCfg = Release|Any CPU
		{D8A75535-67E0-4FA1-A41E-DBA0EFB9CE7C}.Release|Any CPU.Build.0 = Release|Any CPU
		{16C95490-E05A-4652-8CDD-A3B10D8CD309}.Debug|Any CPU.ActiveCfg = Debug|Any CPU
		{16C95490-E05A-4652-8CDD-A3B10D8CD309}.Debug|Any CPU.Build.0 = Debug|Any CPU
		{16C95490-E05A-4652-8CDD-A3B10D8CD309}.Release|Any CPU.ActiveCfg = Release|Any CPU
		{16C95490-E05A-4652-8CDD-A3B10D8CD309}.Release|Any CPU.Build.0 = Release|Any CPU
		{51E6F870-66CC-42AB-92D1-27125C761841}.Debug|Any CPU.ActiveCfg = Debug|Any CPU
		{51E6F870-66CC-42AB-92D1-27125C761841}.Debug|Any CPU.Build.0 = Debug|Any CPU
		{51E6F870-66CC-42AB-92D1-27125C761841}.Release|Any CPU.ActiveCfg = Release|Any CPU
		{51E6F870-66CC-42AB-92D1-27125C761841}.Release|Any CPU.Build.0 = Release|Any CPU
		{2BC5935E-9833-424D-B07B-2E90F81D49BE}.Debug|Any CPU.ActiveCfg = Debug|Any CPU
		{2BC5935E-9833-424D-B07B-2E90F81D49BE}.Debug|Any CPU.Build.0 = Debug|Any CPU
		{2BC5935E-9833-424D-B07B-2E90F81D49BE}.Release|Any CPU.ActiveCfg = Release|Any CPU
		{2BC5935E-9833-424D-B07B-2E90F81D49BE}.Release|Any CPU.Build.0 = Release|Any CPU
	EndGlobalSection
	GlobalSection(SolutionProperties) = preSolution
		HideSolutionNode = FALSE
	EndGlobalSection
	GlobalSection(NestedProjects) = preSolution
		{16C95490-E05A-4652-8CDD-A3B10D8CD309} = {F8E47102-8A7E-43DB-9AC8-32BF130101EC}
		{2BC5935E-9833-424D-B07B-2E90F81D49BE} = {F8E47102-8A7E-43DB-9AC8-32BF130101EC}
	EndGlobalSection
	GlobalSection(ExtensibilityGlobals) = postSolution
		SolutionGuid = {61F7FB11-1E47-470C-91E2-47F8143E1572}
	EndGlobalSection
EndGlobal
